
Microsoft Visual Studio Solution File, Format Version 12.00
# Visual Studio Version 17
VisualStudioVersion = 17.0.31825.309
MinimumVisualStudioVersion = 10.0.40219.1
Project("{FAE04EC0-301F-11D3-BF4B-00C04F79EFBC}") = "Coop", "Coop\Coop.csproj", "{442B73F2-B103-4EF6-8B4B-A2F36F169515}"
EndProject
Project("{2150E333-8FDC-42A3-9474-1A3956D46DE8}") = "Solution Items", "Solution Items", "{6E453886-083F-4A26-84F3-7607EBACC96B}"
	ProjectSection(SolutionItems) = preProject
		.editorconfig = .editorconfig
	EndProjectSection
EndProject
Project("{FAE04EC0-301F-11D3-BF4B-00C04F79EFBC}") = "Common", "Common\Common.csproj", "{9CDD9C4E-92CD-4F19-A4D9-D68CF975480C}"
EndProject
Project("{FAE04EC0-301F-11D3-BF4B-00C04F79EFBC}") = "ClientDebug", "ClientDebug\ClientDebug.csproj", "{EF347686-F2D4-4757-A1C4-15F4EF53C0EC}"
EndProject
Project("{9A19103F-16F7-4668-BE54-9A1E7A4F7556}") = "Common.Tests", "Common.Tests\Common.Tests.csproj", "{52CC5E00-CAA6-4B05-A713-4D387B60B138}"
EndProject
Project("{FAE04EC0-301F-11D3-BF4B-00C04F79EFBC}") = "Coop.Tests", "Coop.Tests\Coop.Tests.csproj", "{CD22C2AE-B9D7-4529-9081-816F4A3B778E}"
EndProject
Project("{FAE04EC0-301F-11D3-BF4B-00C04F79EFBC}") = "GameInterface", "GameInterface\GameInterface.csproj", "{D22CB8FA-40CC-4F47-986F-1C5A4415980B}"
EndProject
Project("{FAE04EC0-301F-11D3-BF4B-00C04F79EFBC}") = "Mod", "Coop.Core\Mod.csproj", "{229FC85F-1E43-413B-B7A9-5762F2F0F831}"
EndProject
Project("{9A19103F-16F7-4668-BE54-9A1E7A4F7556}") = "GameInterface.Tests", "GameInterface.Tests\GameInterface.Tests.csproj", "{CDEE7E89-93A5-4856-9401-B2A2B3D4ACB9}"
EndProject
Global
	GlobalSection(SolutionConfigurationPlatforms) = preSolution
		Debug|Any CPU = Debug|Any CPU
		Debug|x64 = Debug|x64
		Release|Any CPU = Release|Any CPU
		Release|x64 = Release|x64
	EndGlobalSection
	GlobalSection(ProjectConfigurationPlatforms) = postSolution
		{442B73F2-B103-4EF6-8B4B-A2F36F169515}.Debug|Any CPU.ActiveCfg = Debug|Any CPU
		{442B73F2-B103-4EF6-8B4B-A2F36F169515}.Debug|Any CPU.Build.0 = Debug|Any CPU
		{442B73F2-B103-4EF6-8B4B-A2F36F169515}.Debug|x64.ActiveCfg = Debug|x64
		{442B73F2-B103-4EF6-8B4B-A2F36F169515}.Debug|x64.Build.0 = Debug|x64
		{442B73F2-B103-4EF6-8B4B-A2F36F169515}.Release|Any CPU.ActiveCfg = Release|Any CPU
		{442B73F2-B103-4EF6-8B4B-A2F36F169515}.Release|Any CPU.Build.0 = Release|Any CPU
		{442B73F2-B103-4EF6-8B4B-A2F36F169515}.Release|x64.ActiveCfg = Release|x64
		{442B73F2-B103-4EF6-8B4B-A2F36F169515}.Release|x64.Build.0 = Release|x64
		{9CDD9C4E-92CD-4F19-A4D9-D68CF975480C}.Debug|Any CPU.ActiveCfg = Debug|x64
		{9CDD9C4E-92CD-4F19-A4D9-D68CF975480C}.Debug|x64.ActiveCfg = Debug|x64
		{9CDD9C4E-92CD-4F19-A4D9-D68CF975480C}.Debug|x64.Build.0 = Debug|x64
		{9CDD9C4E-92CD-4F19-A4D9-D68CF975480C}.Release|Any CPU.ActiveCfg = Release|Any CPU
		{9CDD9C4E-92CD-4F19-A4D9-D68CF975480C}.Release|Any CPU.Build.0 = Release|Any CPU
		{9CDD9C4E-92CD-4F19-A4D9-D68CF975480C}.Release|x64.ActiveCfg = Release|Any CPU
		{9CDD9C4E-92CD-4F19-A4D9-D68CF975480C}.Release|x64.Build.0 = Release|Any CPU
		{EF347686-F2D4-4757-A1C4-15F4EF53C0EC}.Debug|Any CPU.ActiveCfg = Debug|Any CPU
		{EF347686-F2D4-4757-A1C4-15F4EF53C0EC}.Debug|Any CPU.Build.0 = Debug|Any CPU
		{EF347686-F2D4-4757-A1C4-15F4EF53C0EC}.Debug|x64.ActiveCfg = Debug|Any CPU
		{EF347686-F2D4-4757-A1C4-15F4EF53C0EC}.Debug|x64.Build.0 = Debug|Any CPU
		{EF347686-F2D4-4757-A1C4-15F4EF53C0EC}.Release|Any CPU.ActiveCfg = Release|Any CPU
		{EF347686-F2D4-4757-A1C4-15F4EF53C0EC}.Release|Any CPU.Build.0 = Release|Any CPU
		{EF347686-F2D4-4757-A1C4-15F4EF53C0EC}.Release|x64.ActiveCfg = Release|Any CPU
		{EF347686-F2D4-4757-A1C4-15F4EF53C0EC}.Release|x64.Build.0 = Release|Any CPU
		{52CC5E00-CAA6-4B05-A713-4D387B60B138}.Debug|Any CPU.ActiveCfg = Debug|x64
		{52CC5E00-CAA6-4B05-A713-4D387B60B138}.Debug|Any CPU.Build.0 = Debug|x64
		{52CC5E00-CAA6-4B05-A713-4D387B60B138}.Debug|x64.ActiveCfg = Debug|x64
		{52CC5E00-CAA6-4B05-A713-4D387B60B138}.Debug|x64.Build.0 = Debug|x64
		{52CC5E00-CAA6-4B05-A713-4D387B60B138}.Release|Any CPU.ActiveCfg = Release|x64
		{52CC5E00-CAA6-4B05-A713-4D387B60B138}.Release|Any CPU.Build.0 = Release|x64
		{52CC5E00-CAA6-4B05-A713-4D387B60B138}.Release|x64.ActiveCfg = Release|x64
		{52CC5E00-CAA6-4B05-A713-4D387B60B138}.Release|x64.Build.0 = Release|x64
		{CD22C2AE-B9D7-4529-9081-816F4A3B778E}.Debug|Any CPU.ActiveCfg = Debug|Any CPU
		{CD22C2AE-B9D7-4529-9081-816F4A3B778E}.Debug|Any CPU.Build.0 = Debug|Any CPU
		{CD22C2AE-B9D7-4529-9081-816F4A3B778E}.Debug|x64.ActiveCfg = Debug|Any CPU
		{CD22C2AE-B9D7-4529-9081-816F4A3B778E}.Debug|x64.Build.0 = Debug|Any CPU
		{CD22C2AE-B9D7-4529-9081-816F4A3B778E}.Release|Any CPU.ActiveCfg = Release|Any CPU
		{CD22C2AE-B9D7-4529-9081-816F4A3B778E}.Release|Any CPU.Build.0 = Release|Any CPU
		{CD22C2AE-B9D7-4529-9081-816F4A3B778E}.Release|x64.ActiveCfg = Release|Any CPU
		{CD22C2AE-B9D7-4529-9081-816F4A3B778E}.Release|x64.Build.0 = Release|Any CPU
		{D22CB8FA-40CC-4F47-986F-1C5A4415980B}.Debug|Any CPU.ActiveCfg = Debug|Any CPU
		{D22CB8FA-40CC-4F47-986F-1C5A4415980B}.Debug|Any CPU.Build.0 = Debug|Any CPU
		{D22CB8FA-40CC-4F47-986F-1C5A4415980B}.Debug|x64.ActiveCfg = Debug|Any CPU
		{D22CB8FA-40CC-4F47-986F-1C5A4415980B}.Debug|x64.Build.0 = Debug|Any CPU
		{D22CB8FA-40CC-4F47-986F-1C5A4415980B}.Release|Any CPU.ActiveCfg = Release|Any CPU
		{D22CB8FA-40CC-4F47-986F-1C5A4415980B}.Release|Any CPU.Build.0 = Release|Any CPU
		{D22CB8FA-40CC-4F47-986F-1C5A4415980B}.Release|x64.ActiveCfg = Release|Any CPU
		{D22CB8FA-40CC-4F47-986F-1C5A4415980B}.Release|x64.Build.0 = Release|Any CPU
		{229FC85F-1E43-413B-B7A9-5762F2F0F831}.Debug|Any CPU.ActiveCfg = Debug|Any CPU
		{229FC85F-1E43-413B-B7A9-5762F2F0F831}.Debug|Any CPU.Build.0 = Debug|Any CPU
		{229FC85F-1E43-413B-B7A9-5762F2F0F831}.Debug|x64.ActiveCfg = Debug|Any CPU
		{229FC85F-1E43-413B-B7A9-5762F2F0F831}.Debug|x64.Build.0 = Debug|Any CPU
		{229FC85F-1E43-413B-B7A9-5762F2F0F831}.Release|Any CPU.ActiveCfg = Release|Any CPU
		{229FC85F-1E43-413B-B7A9-5762F2F0F831}.Release|Any CPU.Build.0 = Release|Any CPU
		{229FC85F-1E43-413B-B7A9-5762F2F0F831}.Release|x64.ActiveCfg = Release|Any CPU
		{229FC85F-1E43-413B-B7A9-5762F2F0F831}.Release|x64.Build.0 = Release|Any CPU
		{CDEE7E89-93A5-4856-9401-B2A2B3D4ACB9}.Debug|Any CPU.ActiveCfg = Debug|Any CPU
		{CDEE7E89-93A5-4856-9401-B2A2B3D4ACB9}.Debug|Any CPU.Build.0 = Debug|Any CPU
		{CDEE7E89-93A5-4856-9401-B2A2B3D4ACB9}.Debug|x64.ActiveCfg = Debug|Any CPU
		{CDEE7E89-93A5-4856-9401-B2A2B3D4ACB9}.Debug|x64.Build.0 = Debug|Any CPU
		{CDEE7E89-93A5-4856-9401-B2A2B3D4ACB9}.Release|Any CPU.ActiveCfg = Release|Any CPU
		{CDEE7E89-93A5-4856-9401-B2A2B3D4ACB9}.Release|Any CPU.Build.0 = Release|Any CPU
		{CDEE7E89-93A5-4856-9401-B2A2B3D4ACB9}.Release|x64.ActiveCfg = Release|Any CPU
		{CDEE7E89-93A5-4856-9401-B2A2B3D4ACB9}.Release|x64.Build.0 = Release|Any CPU
	EndGlobalSection
	GlobalSection(SolutionProperties) = preSolution
		HideSolutionNode = FALSE
	EndGlobalSection
	GlobalSection(ExtensibilityGlobals) = postSolution
		SolutionGuid = {7650262F-F60B-4456-97C4-A191D7CB6203}
	EndGlobalSection
EndGlobal
