
Microsoft Visual Studio Solution File, Format Version 12.00
# Visual Studio Version 17
VisualStudioVersion = 17.0.31825.309
MinimumVisualStudioVersion = 10.0.40219.1
Project("{2150E333-8FDC-42A3-9474-1A3956D46DE8}") = "Solution Items", "Solution Items", "{6E453886-083F-4A26-84F3-7607EBACC96B}"
	ProjectSection(SolutionItems) = preProject
		.editorconfig = .editorconfig
	EndProjectSection
EndProject
Project("{FAE04EC0-301F-11D3-BF4B-00C04F79EFBC}") = "Common", "Common\Common.csproj", "{9CDD9C4E-92CD-4F19-A4D9-D68CF975480C}"
EndProject
Project("{FAE04EC0-301F-11D3-BF4B-00C04F79EFBC}") = "ClientDebug", "ClientDebug\ClientDebug.csproj", "{EF347686-F2D4-4757-A1C4-15F4EF53C0EC}"
EndProject
Project("{9A19103F-16F7-4668-BE54-9A1E7A4F7556}") = "Common.Tests", "Common.Tests\Common.Tests.csproj", "{52CC5E00-CAA6-4B05-A713-4D387B60B138}"
EndProject
Project("{FAE04EC0-301F-11D3-BF4B-00C04F79EFBC}") = "MissionTestMod", "MissionTestMod\MissionTestMod.csproj", "{BE74C4D9-6541-4043-8745-8ED1F030802C}"
EndProject
Project("{FAE04EC0-301F-11D3-BF4B-00C04F79EFBC}") = "Missions", "Missions\Missions.csproj", "{E12F967C-1CC9-4E4D-8D8F-5029E0BA96EE}"
EndProject
Project("{FAE04EC0-301F-11D3-BF4B-00C04F79EFBC}") = "MissionTests", "MissionTests\MissionTests.csproj", "{A9712824-3CB1-473C-994A-28236DE65344}"
EndProject
Project("{9A19103F-16F7-4668-BE54-9A1E7A4F7556}") = "ServerConsole", "ServerConsole\ServerConsole.csproj", "{67E50E3B-755A-4B70-8812-1BC8477AD47C}"
EndProject
Project("{FAE04EC0-301F-11D3-BF4B-00C04F79EFBC}") = "IntroServer", "IntroServer\IntroServer.csproj", "{5FF39DA3-DBFC-4C2D-BD03-CD765EE9984B}"
EndProject
Global
	GlobalSection(SolutionConfigurationPlatforms) = preSolution
		Debug|Any CPU = Debug|Any CPU
		Debug|x64 = Debug|x64
		Release|Any CPU = Release|Any CPU
		Release|x64 = Release|x64
	EndGlobalSection
	GlobalSection(ProjectConfigurationPlatforms) = postSolution
		{9CDD9C4E-92CD-4F19-A4D9-D68CF975480C}.Debug|Any CPU.ActiveCfg = Debug|x64
		{9CDD9C4E-92CD-4F19-A4D9-D68CF975480C}.Debug|Any CPU.Build.0 = Debug|x64
		{9CDD9C4E-92CD-4F19-A4D9-D68CF975480C}.Debug|x64.ActiveCfg = Debug|x64
		{9CDD9C4E-92CD-4F19-A4D9-D68CF975480C}.Debug|x64.Build.0 = Debug|x64
		{9CDD9C4E-92CD-4F19-A4D9-D68CF975480C}.Release|Any CPU.ActiveCfg = Release|Any CPU
		{9CDD9C4E-92CD-4F19-A4D9-D68CF975480C}.Release|Any CPU.Build.0 = Release|Any CPU
		{9CDD9C4E-92CD-4F19-A4D9-D68CF975480C}.Release|x64.ActiveCfg = Release|Any CPU
		{9CDD9C4E-92CD-4F19-A4D9-D68CF975480C}.Release|x64.Build.0 = Release|Any CPU
		{EF347686-F2D4-4757-A1C4-15F4EF53C0EC}.Debug|Any CPU.ActiveCfg = Debug|Any CPU
		{EF347686-F2D4-4757-A1C4-15F4EF53C0EC}.Debug|Any CPU.Build.0 = Debug|Any CPU
		{EF347686-F2D4-4757-A1C4-15F4EF53C0EC}.Debug|x64.ActiveCfg = Debug|Any CPU
		{EF347686-F2D4-4757-A1C4-15F4EF53C0EC}.Debug|x64.Build.0 = Debug|Any CPU
		{EF347686-F2D4-4757-A1C4-15F4EF53C0EC}.Release|Any CPU.ActiveCfg = Release|Any CPU
		{EF347686-F2D4-4757-A1C4-15F4EF53C0EC}.Release|Any CPU.Build.0 = Release|Any CPU
		{EF347686-F2D4-4757-A1C4-15F4EF53C0EC}.Release|x64.ActiveCfg = Release|Any CPU
		{EF347686-F2D4-4757-A1C4-15F4EF53C0EC}.Release|x64.Build.0 = Release|Any CPU
		{52CC5E00-CAA6-4B05-A713-4D387B60B138}.Debug|Any CPU.ActiveCfg = Debug|x64
		{52CC5E00-CAA6-4B05-A713-4D387B60B138}.Debug|Any CPU.Build.0 = Debug|x64
		{52CC5E00-CAA6-4B05-A713-4D387B60B138}.Debug|x64.ActiveCfg = Debug|x64
		{52CC5E00-CAA6-4B05-A713-4D387B60B138}.Debug|x64.Build.0 = Debug|x64
		{52CC5E00-CAA6-4B05-A713-4D387B60B138}.Release|Any CPU.ActiveCfg = Release|x64
		{52CC5E00-CAA6-4B05-A713-4D387B60B138}.Release|Any CPU.Build.0 = Release|x64
		{52CC5E00-CAA6-4B05-A713-4D387B60B138}.Release|x64.ActiveCfg = Release|x64
		{52CC5E00-CAA6-4B05-A713-4D387B60B138}.Release|x64.Build.0 = Release|x64
		{BE74C4D9-6541-4043-8745-8ED1F030802C}.Debug|Any CPU.ActiveCfg = Debug|Any CPU
		{BE74C4D9-6541-4043-8745-8ED1F030802C}.Debug|Any CPU.Build.0 = Debug|Any CPU
		{BE74C4D9-6541-4043-8745-8ED1F030802C}.Debug|x64.ActiveCfg = Debug|Any CPU
		{BE74C4D9-6541-4043-8745-8ED1F030802C}.Debug|x64.Build.0 = Debug|Any CPU
		{BE74C4D9-6541-4043-8745-8ED1F030802C}.Release|Any CPU.ActiveCfg = Release|Any CPU
		{BE74C4D9-6541-4043-8745-8ED1F030802C}.Release|Any CPU.Build.0 = Release|Any CPU
		{BE74C4D9-6541-4043-8745-8ED1F030802C}.Release|x64.ActiveCfg = Release|Any CPU
		{BE74C4D9-6541-4043-8745-8ED1F030802C}.Release|x64.Build.0 = Release|Any CPU
		{E12F967C-1CC9-4E4D-8D8F-5029E0BA96EE}.Debug|Any CPU.ActiveCfg = Debug|Any CPU
		{E12F967C-1CC9-4E4D-8D8F-5029E0BA96EE}.Debug|Any CPU.Build.0 = Debug|Any CPU
		{E12F967C-1CC9-4E4D-8D8F-5029E0BA96EE}.Debug|x64.ActiveCfg = Debug|Any CPU
		{E12F967C-1CC9-4E4D-8D8F-5029E0BA96EE}.Debug|x64.Build.0 = Debug|Any CPU
		{E12F967C-1CC9-4E4D-8D8F-5029E0BA96EE}.Release|Any CPU.ActiveCfg = Release|Any CPU
		{E12F967C-1CC9-4E4D-8D8F-5029E0BA96EE}.Release|Any CPU.Build.0 = Release|Any CPU
		{E12F967C-1CC9-4E4D-8D8F-5029E0BA96EE}.Release|x64.ActiveCfg = Release|Any CPU
		{E12F967C-1CC9-4E4D-8D8F-5029E0BA96EE}.Release|x64.Build.0 = Release|Any CPU
		{A9712824-3CB1-473C-994A-28236DE65344}.Debug|Any CPU.ActiveCfg = Debug|Any CPU
		{A9712824-3CB1-473C-994A-28236DE65344}.Debug|Any CPU.Build.0 = Debug|Any CPU
		{A9712824-3CB1-473C-994A-28236DE65344}.Debug|x64.ActiveCfg = Debug|Any CPU
		{A9712824-3CB1-473C-994A-28236DE65344}.Debug|x64.Build.0 = Debug|Any CPU
		{A9712824-3CB1-473C-994A-28236DE65344}.Release|Any CPU.ActiveCfg = Release|Any CPU
		{A9712824-3CB1-473C-994A-28236DE65344}.Release|Any CPU.Build.0 = Release|Any CPU
		{A9712824-3CB1-473C-994A-28236DE65344}.Release|x64.ActiveCfg = Release|Any CPU
		{A9712824-3CB1-473C-994A-28236DE65344}.Release|x64.Build.0 = Release|Any CPU
		{67E50E3B-755A-4B70-8812-1BC8477AD47C}.Debug|Any CPU.ActiveCfg = Debug|Any CPU
		{67E50E3B-755A-4B70-8812-1BC8477AD47C}.Debug|Any CPU.Build.0 = Debug|Any CPU
		{67E50E3B-755A-4B70-8812-1BC8477AD47C}.Debug|x64.ActiveCfg = Debug|Any CPU
		{67E50E3B-755A-4B70-8812-1BC8477AD47C}.Debug|x64.Build.0 = Debug|Any CPU
		{67E50E3B-755A-4B70-8812-1BC8477AD47C}.Release|Any CPU.ActiveCfg = Release|Any CPU
		{67E50E3B-755A-4B70-8812-1BC8477AD47C}.Release|Any CPU.Build.0 = Release|Any CPU
		{67E50E3B-755A-4B70-8812-1BC8477AD47C}.Release|x64.ActiveCfg = Release|Any CPU
		{67E50E3B-755A-4B70-8812-1BC8477AD47C}.Release|x64.Build.0 = Release|Any CPU
		{5FF39DA3-DBFC-4C2D-BD03-CD765EE9984B}.Debug|Any CPU.ActiveCfg = Debug|Any CPU
		{5FF39DA3-DBFC-4C2D-BD03-CD765EE9984B}.Debug|Any CPU.Build.0 = Debug|Any CPU
		{5FF39DA3-DBFC-4C2D-BD03-CD765EE9984B}.Debug|x64.ActiveCfg = Debug|Any CPU
		{5FF39DA3-DBFC-4C2D-BD03-CD765EE9984B}.Debug|x64.Build.0 = Debug|Any CPU
		{5FF39DA3-DBFC-4C2D-BD03-CD765EE9984B}.Release|Any CPU.ActiveCfg = Release|Any CPU
		{5FF39DA3-DBFC-4C2D-BD03-CD765EE9984B}.Release|Any CPU.Build.0 = Release|Any CPU
		{5FF39DA3-DBFC-4C2D-BD03-CD765EE9984B}.Release|x64.ActiveCfg = Release|Any CPU
		{5FF39DA3-DBFC-4C2D-BD03-CD765EE9984B}.Release|x64.Build.0 = Release|Any CPU
	EndGlobalSection
	GlobalSection(SolutionProperties) = preSolution
		HideSolutionNode = FALSE
	EndGlobalSection
	GlobalSection(ExtensibilityGlobals) = postSolution
		SolutionGuid = {7650262F-F60B-4456-97C4-A191D7CB6203}
	EndGlobalSection
EndGlobal
